
Microsoft Visual Studio Solution File, Format Version 11.00
# Visual Studio 2010
Project("{FAE04EC0-301F-11D3-BF4B-00C04F79EFBC}") = "Factory.SimpleFactory", "Factory\Factory.SimpleFactory\Factory.SimpleFactory.csproj", "{57823098-44D6-4D0C-9B7F-A401626D4512}"
EndProject
Project("{FAE04EC0-301F-11D3-BF4B-00C04F79EFBC}") = "Factory.FactoryMethod", "Factory\Factory.FactoryMethod\Factory.FactoryMethod.csproj", "{A9D23C93-8315-451B-AC7E-079DC3BB4689}"
EndProject
Project("{FAE04EC0-301F-11D3-BF4B-00C04F79EFBC}") = "Factory.AbstractFactoryPattern", "Factory\Factory.AbstractFactoryPattern\Factory.AbstractFactoryPattern.csproj", "{5C645B6D-C00E-40A6-8F36-728CF197FB41}"
EndProject
Global
	GlobalSection(SolutionConfigurationPlatforms) = preSolution
		Debug|x86 = Debug|x86
		Release|x86 = Release|x86
	EndGlobalSection
	GlobalSection(ProjectConfigurationPlatforms) = postSolution
		{57823098-44D6-4D0C-9B7F-A401626D4512}.Debug|x86.ActiveCfg = Debug|x86
		{57823098-44D6-4D0C-9B7F-A401626D4512}.Debug|x86.Build.0 = Debug|x86
		{57823098-44D6-4D0C-9B7F-A401626D4512}.Release|x86.ActiveCfg = Release|x86
		{57823098-44D6-4D0C-9B7F-A401626D4512}.Release|x86.Build.0 = Release|x86
		{A9D23C93-8315-451B-AC7E-079DC3BB4689}.Debug|x86.ActiveCfg = Debug|x86
		{A9D23C93-8315-451B-AC7E-079DC3BB4689}.Debug|x86.Build.0 = Debug|x86
		{A9D23C93-8315-451B-AC7E-079DC3BB4689}.Release|x86.ActiveCfg = Release|x86
		{A9D23C93-8315-451B-AC7E-079DC3BB4689}.Release|x86.Build.0 = Release|x86
		{5C645B6D-C00E-40A6-8F36-728CF197FB41}.Debug|x86.ActiveCfg = Debug|x86
		{5C645B6D-C00E-40A6-8F36-728CF197FB41}.Debug|x86.Build.0 = Debug|x86
		{5C645B6D-C00E-40A6-8F36-728CF197FB41}.Release|x86.ActiveCfg = Release|x86
		{5C645B6D-C00E-40A6-8F36-728CF197FB41}.Release|x86.Build.0 = Release|x86
	EndGlobalSection
	GlobalSection(SolutionProperties) = preSolution
		HideSolutionNode = FALSE
	EndGlobalSection
EndGlobal
