
Microsoft Visual Studio Solution File, Format Version 11.00
# Visual Studio 2010
Project("{FAE04EC0-301F-11D3-BF4B-00C04F79EFBC}") = "Factory.SimpleFactory", "Factory\Factory.SimpleFactory\Factory.SimpleFactory.csproj", "{57823098-44D6-4D0C-9B7F-A401626D4512}"
EndProject
Project("{FAE04EC0-301F-11D3-BF4B-00C04F79EFBC}") = "Factory.FactoryMethod", "Factory\Factory.FactoryMethod\Factory.FactoryMethod.csproj", "{A9D23C93-8315-451B-AC7E-079DC3BB4689}"
EndProject
Project("{FAE04EC0-301F-11D3-BF4B-00C04F79EFBC}") = "Factory.AbstractFactoryPattern", "Factory\Factory.AbstractFactoryPattern\Factory.AbstractFactoryPattern.csproj", "{5C645B6D-C00E-40A6-8F36-728CF197FB41}"
EndProject
Project("{FAE04EC0-301F-11D3-BF4B-00C04F79EFBC}") = "Builder.Pattern", "Builder\Builder.Pattern\Builder.Pattern.csproj", "{15D3CA37-BCCA-4B7B-BAF1-F8EE237819A9}"
EndProject
Project("{FAE04EC0-301F-11D3-BF4B-00C04F79EFBC}") = "Prototype.Pattern.1", "Prototype\Prototype.Pattern.1\Prototype.Pattern.1.csproj", "{0661321E-6F61-4701-8F23-14959D0B65B5}"
EndProject
Project("{FAE04EC0-301F-11D3-BF4B-00C04F79EFBC}") = "Composite.Pattern", "Composite\Composite.Pattern\Composite.Pattern.csproj", "{A20CF09B-FCBB-4EC6-97EC-F8D80E09ACC9}"
EndProject
Project("{FAE04EC0-301F-11D3-BF4B-00C04F79EFBC}") = "Prototype.Pattern.2", "Prototype\Prototype.Pattern.2\Prototype.Pattern.2.csproj", "{D7071856-1437-4C4C-B5AC-CD8393B6B130}"
EndProject
Project("{FAE04EC0-301F-11D3-BF4B-00C04F79EFBC}") = "Observer.Pattern.1", "Observer\Observer.Pattern.1\Observer.Pattern.1.csproj", "{0D065FD8-B9BB-4A7D-B288-B2DB576899DE}"
EndProject
Project("{FAE04EC0-301F-11D3-BF4B-00C04F79EFBC}") = "Observer.Pattern.2", "Observer\Observer.Pattern.2\Observer.Pattern.2.csproj", "{B0A10639-EC74-486C-9067-BF54E177E0D4}"
EndProject
Project("{FAE04EC0-301F-11D3-BF4B-00C04F79EFBC}") = "Observer.Pattern.3", "Observer\Observer.Pattern.3\Observer.Pattern.3.csproj", "{D2ACFC92-F5E7-40F1-87E4-833C193D18B0}"
EndProject
Project("{FAE04EC0-301F-11D3-BF4B-00C04F79EFBC}") = "Prototype.Pattern.3", "Prototype\Prototype.Pattern.3\Prototype.Pattern.3.csproj", "{F17A1DED-0BA6-48E6-B67B-EB1138223390}"
EndProject
Project("{FAE04EC0-301F-11D3-BF4B-00C04F79EFBC}") = "Facade.Pattern.1", "Facade\Facade.Pattern.1\Facade.Pattern.1.csproj", "{28166014-1637-46AC-B437-E4D1254D4537}"
EndProject
Project("{FAE04EC0-301F-11D3-BF4B-00C04F79EFBC}") = "Facade.WeatherService", "Facade\Facade.WeatherService\Facade.WeatherService.csproj", "{DF64D2EE-DD49-437A-87A7-720C24A9DC1C}"
EndProject
Global
	GlobalSection(SolutionConfigurationPlatforms) = preSolution
		Debug|x86 = Debug|x86
		Release|x86 = Release|x86
	EndGlobalSection
	GlobalSection(ProjectConfigurationPlatforms) = postSolution
		{57823098-44D6-4D0C-9B7F-A401626D4512}.Debug|x86.ActiveCfg = Debug|x86
		{57823098-44D6-4D0C-9B7F-A401626D4512}.Debug|x86.Build.0 = Debug|x86
		{57823098-44D6-4D0C-9B7F-A401626D4512}.Release|x86.ActiveCfg = Release|x86
		{57823098-44D6-4D0C-9B7F-A401626D4512}.Release|x86.Build.0 = Release|x86
		{A9D23C93-8315-451B-AC7E-079DC3BB4689}.Debug|x86.ActiveCfg = Debug|x86
		{A9D23C93-8315-451B-AC7E-079DC3BB4689}.Debug|x86.Build.0 = Debug|x86
		{A9D23C93-8315-451B-AC7E-079DC3BB4689}.Release|x86.ActiveCfg = Release|x86
		{A9D23C93-8315-451B-AC7E-079DC3BB4689}.Release|x86.Build.0 = Release|x86
		{5C645B6D-C00E-40A6-8F36-728CF197FB41}.Debug|x86.ActiveCfg = Debug|x86
		{5C645B6D-C00E-40A6-8F36-728CF197FB41}.Debug|x86.Build.0 = Debug|x86
		{5C645B6D-C00E-40A6-8F36-728CF197FB41}.Release|x86.ActiveCfg = Release|x86
		{5C645B6D-C00E-40A6-8F36-728CF197FB41}.Release|x86.Build.0 = Release|x86
		{15D3CA37-BCCA-4B7B-BAF1-F8EE237819A9}.Debug|x86.ActiveCfg = Debug|x86
		{15D3CA37-BCCA-4B7B-BAF1-F8EE237819A9}.Debug|x86.Build.0 = Debug|x86
		{15D3CA37-BCCA-4B7B-BAF1-F8EE237819A9}.Release|x86.ActiveCfg = Release|x86
		{15D3CA37-BCCA-4B7B-BAF1-F8EE237819A9}.Release|x86.Build.0 = Release|x86
		{0661321E-6F61-4701-8F23-14959D0B65B5}.Debug|x86.ActiveCfg = Debug|x86
		{0661321E-6F61-4701-8F23-14959D0B65B5}.Debug|x86.Build.0 = Debug|x86
		{0661321E-6F61-4701-8F23-14959D0B65B5}.Release|x86.ActiveCfg = Release|x86
		{0661321E-6F61-4701-8F23-14959D0B65B5}.Release|x86.Build.0 = Release|x86
		{A20CF09B-FCBB-4EC6-97EC-F8D80E09ACC9}.Debug|x86.ActiveCfg = Debug|x86
		{A20CF09B-FCBB-4EC6-97EC-F8D80E09ACC9}.Debug|x86.Build.0 = Debug|x86
		{A20CF09B-FCBB-4EC6-97EC-F8D80E09ACC9}.Release|x86.ActiveCfg = Release|x86
		{A20CF09B-FCBB-4EC6-97EC-F8D80E09ACC9}.Release|x86.Build.0 = Release|x86
		{D7071856-1437-4C4C-B5AC-CD8393B6B130}.Debug|x86.ActiveCfg = Debug|x86
		{D7071856-1437-4C4C-B5AC-CD8393B6B130}.Debug|x86.Build.0 = Debug|x86
		{D7071856-1437-4C4C-B5AC-CD8393B6B130}.Release|x86.ActiveCfg = Release|x86
		{D7071856-1437-4C4C-B5AC-CD8393B6B130}.Release|x86.Build.0 = Release|x86
		{0D065FD8-B9BB-4A7D-B288-B2DB576899DE}.Debug|x86.ActiveCfg = Debug|x86
		{0D065FD8-B9BB-4A7D-B288-B2DB576899DE}.Debug|x86.Build.0 = Debug|x86
		{0D065FD8-B9BB-4A7D-B288-B2DB576899DE}.Release|x86.ActiveCfg = Release|x86
		{0D065FD8-B9BB-4A7D-B288-B2DB576899DE}.Release|x86.Build.0 = Release|x86
		{B0A10639-EC74-486C-9067-BF54E177E0D4}.Debug|x86.ActiveCfg = Debug|x86
		{B0A10639-EC74-486C-9067-BF54E177E0D4}.Debug|x86.Build.0 = Debug|x86
		{B0A10639-EC74-486C-9067-BF54E177E0D4}.Release|x86.ActiveCfg = Release|x86
		{B0A10639-EC74-486C-9067-BF54E177E0D4}.Release|x86.Build.0 = Release|x86
		{D2ACFC92-F5E7-40F1-87E4-833C193D18B0}.Debug|x86.ActiveCfg = Debug|x86
		{D2ACFC92-F5E7-40F1-87E4-833C193D18B0}.Debug|x86.Build.0 = Debug|x86
		{D2ACFC92-F5E7-40F1-87E4-833C193D18B0}.Release|x86.ActiveCfg = Release|x86
		{D2ACFC92-F5E7-40F1-87E4-833C193D18B0}.Release|x86.Build.0 = Release|x86
		{F17A1DED-0BA6-48E6-B67B-EB1138223390}.Debug|x86.ActiveCfg = Debug|x86
		{F17A1DED-0BA6-48E6-B67B-EB1138223390}.Debug|x86.Build.0 = Debug|x86
		{F17A1DED-0BA6-48E6-B67B-EB1138223390}.Release|x86.ActiveCfg = Release|x86
		{F17A1DED-0BA6-48E6-B67B-EB1138223390}.Release|x86.Build.0 = Release|x86
		{28166014-1637-46AC-B437-E4D1254D4537}.Debug|x86.ActiveCfg = Debug|x86
		{28166014-1637-46AC-B437-E4D1254D4537}.Debug|x86.Build.0 = Debug|x86
		{28166014-1637-46AC-B437-E4D1254D4537}.Release|x86.ActiveCfg = Release|x86
		{28166014-1637-46AC-B437-E4D1254D4537}.Release|x86.Build.0 = Release|x86
		{DF64D2EE-DD49-437A-87A7-720C24A9DC1C}.Debug|x86.ActiveCfg = Debug|x86
		{DF64D2EE-DD49-437A-87A7-720C24A9DC1C}.Debug|x86.Build.0 = Debug|x86
		{DF64D2EE-DD49-437A-87A7-720C24A9DC1C}.Release|x86.ActiveCfg = Release|x86
		{DF64D2EE-DD49-437A-87A7-720C24A9DC1C}.Release|x86.Build.0 = Release|x86
	EndGlobalSection
	GlobalSection(SolutionProperties) = preSolution
		HideSolutionNode = FALSE
	EndGlobalSection
EndGlobal
